
Microsoft Visual Studio Solution File, Format Version 12.00
# Visual Studio 15
VisualStudioVersion = 15.0.26403.0
MinimumVisualStudioVersion = 10.0.40219.1
Project("{FAE04EC0-301F-11D3-BF4B-00C04F79EFBC}") = "Silk.Web.Core", "Silk.Web.Core\Silk.Web.Core.csproj", "{79F256B7-56AB-4F7A-A5E0-B2948E0B38CA}"
EndProject
Project("{FAE04EC0-301F-11D3-BF4B-00C04F79EFBC}") = "Silk.Web.Core.Abstractions", "Silk.Web.Core.Abstractions\Silk.Web.Core.Abstractions.csproj", "{BF506E41-6FF1-4B56-93CA-5B276C76B886}"
EndProject
Global
	GlobalSection(SolutionConfigurationPlatforms) = preSolution
		Debug|Any CPU = Debug|Any CPU
		Debug|x64 = Debug|x64
		Debug|x86 = Debug|x86
		Release|Any CPU = Release|Any CPU
		Release|x64 = Release|x64
		Release|x86 = Release|x86
	EndGlobalSection
	GlobalSection(ProjectConfigurationPlatforms) = postSolution
		{79F256B7-56AB-4F7A-A5E0-B2948E0B38CA}.Debug|Any CPU.ActiveCfg = Debug|Any CPU
		{79F256B7-56AB-4F7A-A5E0-B2948E0B38CA}.Debug|Any CPU.Build.0 = Debug|Any CPU
		{79F256B7-56AB-4F7A-A5E0-B2948E0B38CA}.Debug|x64.ActiveCfg = Debug|Any CPU
		{79F256B7-56AB-4F7A-A5E0-B2948E0B38CA}.Debug|x64.Build.0 = Debug|Any CPU
		{79F256B7-56AB-4F7A-A5E0-B2948E0B38CA}.Debug|x86.ActiveCfg = Debug|Any CPU
		{79F256B7-56AB-4F7A-A5E0-B2948E0B38CA}.Debug|x86.Build.0 = Debug|Any CPU
		{79F256B7-56AB-4F7A-A5E0-B2948E0B38CA}.Release|Any CPU.ActiveCfg = Release|Any CPU
		{79F256B7-56AB-4F7A-A5E0-B2948E0B38CA}.Release|Any CPU.Build.0 = Release|Any CPU
		{79F256B7-56AB-4F7A-A5E0-B2948E0B38CA}.Release|x64.ActiveCfg = Release|Any CPU
		{79F256B7-56AB-4F7A-A5E0-B2948E0B38CA}.Release|x64.Build.0 = Release|Any CPU
		{79F256B7-56AB-4F7A-A5E0-B2948E0B38CA}.Release|x86.ActiveCfg = Release|Any CPU
		{79F256B7-56AB-4F7A-A5E0-B2948E0B38CA}.Release|x86.Build.0 = Release|Any CPU
		{BF506E41-6FF1-4B56-93CA-5B276C76B886}.Debug|Any CPU.ActiveCfg = Debug|Any CPU
		{BF506E41-6FF1-4B56-93CA-5B276C76B886}.Debug|Any CPU.Build.0 = Debug|Any CPU
		{BF506E41-6FF1-4B56-93CA-5B276C76B886}.Debug|x64.ActiveCfg = Debug|Any CPU
		{BF506E41-6FF1-4B56-93CA-5B276C76B886}.Debug|x64.Build.0 = Debug|Any CPU
		{BF506E41-6FF1-4B56-93CA-5B276C76B886}.Debug|x86.ActiveCfg = Debug|Any CPU
		{BF506E41-6FF1-4B56-93CA-5B276C76B886}.Debug|x86.Build.0 = Debug|Any CPU
		{BF506E41-6FF1-4B56-93CA-5B276C76B886}.Release|Any CPU.ActiveCfg = Release|Any CPU
		{BF506E41-6FF1-4B56-93CA-5B276C76B886}.Release|Any CPU.Build.0 = Release|Any CPU
		{BF506E41-6FF1-4B56-93CA-5B276C76B886}.Release|x64.ActiveCfg = Release|Any CPU
		{BF506E41-6FF1-4B56-93CA-5B276C76B886}.Release|x64.Build.0 = Release|Any CPU
		{BF506E41-6FF1-4B56-93CA-5B276C76B886}.Release|x86.ActiveCfg = Release|Any CPU
		{BF506E41-6FF1-4B56-93CA-5B276C76B886}.Release|x86.Build.0 = Release|Any CPU
	EndGlobalSection
	GlobalSection(SolutionProperties) = preSolution
		HideSolutionNode = FALSE
	EndGlobalSection
EndGlobal
